
Microsoft Visual Studio Solution File, Format Version 12.00
# Visual Studio Version 17
VisualStudioVersion = 17.5.33627.172
MinimumVisualStudioVersion = 10.0.40219.1
Project("{FAE04EC0-301F-11D3-BF4B-00C04F79EFBC}") = "LibraryAutomation", "LibraryAutomation\LibraryAutomation.csproj", "{B38A084E-A500-4D7F-BE7C-A69250D2F6DA}"
EndProject
Global
	GlobalSection(SolutionConfigurationPlatforms) = preSolution
		Debug|Any CPU = Debug|Any CPU
		Release|Any CPU = Release|Any CPU
	EndGlobalSection
	GlobalSection(ProjectConfigurationPlatforms) = postSolution
		{B38A084E-A500-4D7F-BE7C-A69250D2F6DA}.Debug|Any CPU.ActiveCfg = Debug|Any CPU
		{B38A084E-A500-4D7F-BE7C-A69250D2F6DA}.Debug|Any CPU.Build.0 = Debug|Any CPU
		{B38A084E-A500-4D7F-BE7C-A69250D2F6DA}.Release|Any CPU.ActiveCfg = Release|Any CPU
		{B38A084E-A500-4D7F-BE7C-A69250D2F6DA}.Release|Any CPU.Build.0 = Release|Any CPU
	EndGlobalSection
	GlobalSection(SolutionProperties) = preSolution
		HideSolutionNode = FALSE
	EndGlobalSection
	GlobalSection(ExtensibilityGlobals) = postSolution
		SolutionGuid = {2B9D650E-39A5-438F-9980-716B06DF5319}
	EndGlobalSection
EndGlobal
